
Microsoft Visual Studio Solution File, Format Version 11.00
# Visual Studio 2010
Project("{FAE04EC0-301F-11D3-BF4B-00C04F79EFBC}") = "boardGameTutorial", "Assembly-CSharp.csproj", "{D9C18484-7594-0135-CE3D-8C4C1AD49B5A}"
EndProject
Project("{FAE04EC0-301F-11D3-BF4B-00C04F79EFBC}") = "boardGameTutorial", "Assembly-CSharp-Editor.csproj", "{7E69E1E5-E771-2AD1-AFB5-46E6DEC59BB5}"
EndProject
Global
	GlobalSection(SolutionConfigurationPlatforms) = preSolution
		Debug|Any CPU = Debug|Any CPU
		Release|Any CPU = Release|Any CPU
	EndGlobalSection
	GlobalSection(ProjectConfigurationPlatforms) = postSolution
		{D9C18484-7594-0135-CE3D-8C4C1AD49B5A}.Debug|Any CPU.ActiveCfg = Debug|Any CPU
		{D9C18484-7594-0135-CE3D-8C4C1AD49B5A}.Debug|Any CPU.Build.0 = Debug|Any CPU
		{D9C18484-7594-0135-CE3D-8C4C1AD49B5A}.Release|Any CPU.ActiveCfg = Release|Any CPU
		{D9C18484-7594-0135-CE3D-8C4C1AD49B5A}.Release|Any CPU.Build.0 = Release|Any CPU
		{7E69E1E5-E771-2AD1-AFB5-46E6DEC59BB5}.Debug|Any CPU.ActiveCfg = Debug|Any CPU
		{7E69E1E5-E771-2AD1-AFB5-46E6DEC59BB5}.Debug|Any CPU.Build.0 = Debug|Any CPU
		{7E69E1E5-E771-2AD1-AFB5-46E6DEC59BB5}.Release|Any CPU.ActiveCfg = Release|Any CPU
		{7E69E1E5-E771-2AD1-AFB5-46E6DEC59BB5}.Release|Any CPU.Build.0 = Release|Any CPU
	EndGlobalSection
	GlobalSection(SolutionProperties) = preSolution
		HideSolutionNode = FALSE
	EndGlobalSection
	GlobalSection(MonoDevelopProperties) = preSolution
		StartupItem = Assembly-CSharp.csproj
	EndGlobalSection
EndGlobal
